
Microsoft Visual Studio Solution File, Format Version 12.00
# Visual Studio Version 16
VisualStudioVersion = 16.0.30711.63
MinimumVisualStudioVersion = 10.0.40219.1
Project("{9A19103F-16F7-4668-BE54-9A1E7A4F7556}") = "Formulario chingon", "Formulario chingon\Formulario chingon.csproj", "{856BECCB-50D4-4431-8535-ABC030C6EAC0}"
EndProject
Global
	GlobalSection(SolutionConfigurationPlatforms) = preSolution
		Debug|Any CPU = Debug|Any CPU
		Debug|x86 = Debug|x86
		Release|Any CPU = Release|Any CPU
		Release|x86 = Release|x86
	EndGlobalSection
	GlobalSection(ProjectConfigurationPlatforms) = postSolution
		{856BECCB-50D4-4431-8535-ABC030C6EAC0}.Debug|Any CPU.ActiveCfg = Debug|Any CPU
		{856BECCB-50D4-4431-8535-ABC030C6EAC0}.Debug|Any CPU.Build.0 = Debug|Any CPU
		{856BECCB-50D4-4431-8535-ABC030C6EAC0}.Debug|x86.ActiveCfg = Debug|x86
		{856BECCB-50D4-4431-8535-ABC030C6EAC0}.Debug|x86.Build.0 = Debug|x86
		{856BECCB-50D4-4431-8535-ABC030C6EAC0}.Release|Any CPU.ActiveCfg = Release|Any CPU
		{856BECCB-50D4-4431-8535-ABC030C6EAC0}.Release|Any CPU.Build.0 = Release|Any CPU
		{856BECCB-50D4-4431-8535-ABC030C6EAC0}.Release|x86.ActiveCfg = Release|x86
		{856BECCB-50D4-4431-8535-ABC030C6EAC0}.Release|x86.Build.0 = Release|x86
	EndGlobalSection
	GlobalSection(SolutionProperties) = preSolution
		HideSolutionNode = FALSE
	EndGlobalSection
	GlobalSection(ExtensibilityGlobals) = postSolution
		SolutionGuid = {3D9DA39D-3C6A-454B-903F-1224F2CB364D}
	EndGlobalSection
EndGlobal
